{
  "name": "static-brochure-with-marketing-copy-fixture",
  "lockfileVersion": 3,
  "packages": {
    "": {
      "dependencies": {
        "next": "latest",
        "react": "latest",
        "react-dom": "latest"
      }
    },
    "node_modules/scheduler": {
      "version": "0.23.2"
    }
  }
}
